
Microsoft Visual Studio Solution File, Format Version 12.00
# Visual Studio Version 16
VisualStudioVersion = 16.0.30128.74
MinimumVisualStudioVersion = 10.0.40219.1
Project("{FAE04EC0-301F-11D3-BF4B-00C04F79EFBC}") = "DataMenegment", "DataMenegment\DataMenegment.csproj", "{93E50B36-2F9A-498C-94ED-98C7F320B345}"
EndProject
Project("{FAE04EC0-301F-11D3-BF4B-00C04F79EFBC}") = "WpfApp", "WpfApp\WpfApp.csproj", "{E3C184D9-063A-456A-8D3D-DA0483A5802D}"
EndProject
Project("{FAE04EC0-301F-11D3-BF4B-00C04F79EFBC}") = "UWPApp", "UWPApp\UWPApp.csproj", "{1336331E-135A-455F-8326-DC0AAF56FDF1}"
EndProject
Project("{9A19103F-16F7-4668-BE54-9A1E7A4F7556}") = "LogicStandart", "LogicStandart\LogicStandart.csproj", "{148F6184-2F57-4D61-A7CE-7B4B924FF5F3}"
EndProject
Global
	GlobalSection(SolutionConfigurationPlatforms) = preSolution
		Debug|Any CPU = Debug|Any CPU
		Debug|ARM = Debug|ARM
		Debug|ARM64 = Debug|ARM64
		Debug|x64 = Debug|x64
		Debug|x86 = Debug|x86
		Release|Any CPU = Release|Any CPU
		Release|ARM = Release|ARM
		Release|ARM64 = Release|ARM64
		Release|x64 = Release|x64
		Release|x86 = Release|x86
	EndGlobalSection
	GlobalSection(ProjectConfigurationPlatforms) = postSolution
		{93E50B36-2F9A-498C-94ED-98C7F320B345}.Debug|Any CPU.ActiveCfg = Debug|Any CPU
		{93E50B36-2F9A-498C-94ED-98C7F320B345}.Debug|Any CPU.Build.0 = Debug|Any CPU
		{93E50B36-2F9A-498C-94ED-98C7F320B345}.Debug|ARM.ActiveCfg = Debug|Any CPU
		{93E50B36-2F9A-498C-94ED-98C7F320B345}.Debug|ARM.Build.0 = Debug|Any CPU
		{93E50B36-2F9A-498C-94ED-98C7F320B345}.Debug|ARM64.ActiveCfg = Debug|Any CPU
		{93E50B36-2F9A-498C-94ED-98C7F320B345}.Debug|ARM64.Build.0 = Debug|Any CPU
		{93E50B36-2F9A-498C-94ED-98C7F320B345}.Debug|x64.ActiveCfg = Debug|Any CPU
		{93E50B36-2F9A-498C-94ED-98C7F320B345}.Debug|x64.Build.0 = Debug|Any CPU
		{93E50B36-2F9A-498C-94ED-98C7F320B345}.Debug|x86.ActiveCfg = Debug|Any CPU
		{93E50B36-2F9A-498C-94ED-98C7F320B345}.Debug|x86.Build.0 = Debug|Any CPU
		{93E50B36-2F9A-498C-94ED-98C7F320B345}.Release|Any CPU.ActiveCfg = Release|Any CPU
		{93E50B36-2F9A-498C-94ED-98C7F320B345}.Release|Any CPU.Build.0 = Release|Any CPU
		{93E50B36-2F9A-498C-94ED-98C7F320B345}.Release|ARM.ActiveCfg = Release|Any CPU
		{93E50B36-2F9A-498C-94ED-98C7F320B345}.Release|ARM.Build.0 = Release|Any CPU
		{93E50B36-2F9A-498C-94ED-98C7F320B345}.Release|ARM64.ActiveCfg = Release|Any CPU
		{93E50B36-2F9A-498C-94ED-98C7F320B345}.Release|ARM64.Build.0 = Release|Any CPU
		{93E50B36-2F9A-498C-94ED-98C7F320B345}.Release|x64.ActiveCfg = Release|Any CPU
		{93E50B36-2F9A-498C-94ED-98C7F320B345}.Release|x64.Build.0 = Release|Any CPU
		{93E50B36-2F9A-498C-94ED-98C7F320B345}.Release|x86.ActiveCfg = Release|Any CPU
		{93E50B36-2F9A-498C-94ED-98C7F320B345}.Release|x86.Build.0 = Release|Any CPU
		{E3C184D9-063A-456A-8D3D-DA0483A5802D}.Debug|Any CPU.ActiveCfg = Debug|Any CPU
		{E3C184D9-063A-456A-8D3D-DA0483A5802D}.Debug|Any CPU.Build.0 = Debug|Any CPU
		{E3C184D9-063A-456A-8D3D-DA0483A5802D}.Debug|ARM.ActiveCfg = Debug|Any CPU
		{E3C184D9-063A-456A-8D3D-DA0483A5802D}.Debug|ARM.Build.0 = Debug|Any CPU
		{E3C184D9-063A-456A-8D3D-DA0483A5802D}.Debug|ARM64.ActiveCfg = Debug|Any CPU
		{E3C184D9-063A-456A-8D3D-DA0483A5802D}.Debug|ARM64.Build.0 = Debug|Any CPU
		{E3C184D9-063A-456A-8D3D-DA0483A5802D}.Debug|x64.ActiveCfg = Debug|Any CPU
		{E3C184D9-063A-456A-8D3D-DA0483A5802D}.Debug|x64.Build.0 = Debug|Any CPU
		{E3C184D9-063A-456A-8D3D-DA0483A5802D}.Debug|x86.ActiveCfg = Debug|Any CPU
		{E3C184D9-063A-456A-8D3D-DA0483A5802D}.Debug|x86.Build.0 = Debug|Any CPU
		{E3C184D9-063A-456A-8D3D-DA0483A5802D}.Release|Any CPU.ActiveCfg = Release|Any CPU
		{E3C184D9-063A-456A-8D3D-DA0483A5802D}.Release|Any CPU.Build.0 = Release|Any CPU
		{E3C184D9-063A-456A-8D3D-DA0483A5802D}.Release|ARM.ActiveCfg = Release|Any CPU
		{E3C184D9-063A-456A-8D3D-DA0483A5802D}.Release|ARM.Build.0 = Release|Any CPU
		{E3C184D9-063A-456A-8D3D-DA0483A5802D}.Release|ARM64.ActiveCfg = Release|Any CPU
		{E3C184D9-063A-456A-8D3D-DA0483A5802D}.Release|ARM64.Build.0 = Release|Any CPU
		{E3C184D9-063A-456A-8D3D-DA0483A5802D}.Release|x64.ActiveCfg = Release|Any CPU
		{E3C184D9-063A-456A-8D3D-DA0483A5802D}.Release|x64.Build.0 = Release|Any CPU
		{E3C184D9-063A-456A-8D3D-DA0483A5802D}.Release|x86.ActiveCfg = Release|Any CPU
		{E3C184D9-063A-456A-8D3D-DA0483A5802D}.Release|x86.Build.0 = Release|Any CPU
		{1336331E-135A-455F-8326-DC0AAF56FDF1}.Debug|Any CPU.ActiveCfg = Debug|x86
		{1336331E-135A-455F-8326-DC0AAF56FDF1}.Debug|ARM.ActiveCfg = Debug|ARM
		{1336331E-135A-455F-8326-DC0AAF56FDF1}.Debug|ARM.Build.0 = Debug|ARM
		{1336331E-135A-455F-8326-DC0AAF56FDF1}.Debug|ARM.Deploy.0 = Debug|ARM
		{1336331E-135A-455F-8326-DC0AAF56FDF1}.Debug|ARM64.ActiveCfg = Debug|ARM64
		{1336331E-135A-455F-8326-DC0AAF56FDF1}.Debug|ARM64.Build.0 = Debug|ARM64
		{1336331E-135A-455F-8326-DC0AAF56FDF1}.Debug|ARM64.Deploy.0 = Debug|ARM64
		{1336331E-135A-455F-8326-DC0AAF56FDF1}.Debug|x64.ActiveCfg = Debug|x64
		{1336331E-135A-455F-8326-DC0AAF56FDF1}.Debug|x64.Build.0 = Debug|x64
		{1336331E-135A-455F-8326-DC0AAF56FDF1}.Debug|x64.Deploy.0 = Debug|x64
		{1336331E-135A-455F-8326-DC0AAF56FDF1}.Debug|x86.ActiveCfg = Debug|x86
		{1336331E-135A-455F-8326-DC0AAF56FDF1}.Debug|x86.Build.0 = Debug|x86
		{1336331E-135A-455F-8326-DC0AAF56FDF1}.Debug|x86.Deploy.0 = Debug|x86
		{1336331E-135A-455F-8326-DC0AAF56FDF1}.Release|Any CPU.ActiveCfg = Release|x86
		{1336331E-135A-455F-8326-DC0AAF56FDF1}.Release|ARM.ActiveCfg = Release|ARM
		{1336331E-135A-455F-8326-DC0AAF56FDF1}.Release|ARM.Build.0 = Release|ARM
		{1336331E-135A-455F-8326-DC0AAF56FDF1}.Release|ARM.Deploy.0 = Release|ARM
		{1336331E-135A-455F-8326-DC0AAF56FDF1}.Release|ARM64.ActiveCfg = Release|ARM64
		{1336331E-135A-455F-8326-DC0AAF56FDF1}.Release|ARM64.Build.0 = Release|ARM64
		{1336331E-135A-455F-8326-DC0AAF56FDF1}.Release|ARM64.Deploy.0 = Release|ARM64
		{1336331E-135A-455F-8326-DC0AAF56FDF1}.Release|x64.ActiveCfg = Release|x64
		{1336331E-135A-455F-8326-DC0AAF56FDF1}.Release|x64.Build.0 = Release|x64
		{1336331E-135A-455F-8326-DC0AAF56FDF1}.Release|x64.Deploy.0 = Release|x64
		{1336331E-135A-455F-8326-DC0AAF56FDF1}.Release|x86.ActiveCfg = Release|x86
		{1336331E-135A-455F-8326-DC0AAF56FDF1}.Release|x86.Build.0 = Release|x86
		{1336331E-135A-455F-8326-DC0AAF56FDF1}.Release|x86.Deploy.0 = Release|x86
		{148F6184-2F57-4D61-A7CE-7B4B924FF5F3}.Debug|Any CPU.ActiveCfg = Debug|Any CPU
		{148F6184-2F57-4D61-A7CE-7B4B924FF5F3}.Debug|Any CPU.Build.0 = Debug|Any CPU
		{148F6184-2F57-4D61-A7CE-7B4B924FF5F3}.Debug|ARM.ActiveCfg = Debug|Any CPU
		{148F6184-2F57-4D61-A7CE-7B4B924FF5F3}.Debug|ARM.Build.0 = Debug|Any CPU
		{148F6184-2F57-4D61-A7CE-7B4B924FF5F3}.Debug|ARM64.ActiveCfg = Debug|Any CPU
		{148F6184-2F57-4D61-A7CE-7B4B924FF5F3}.Debug|ARM64.Build.0 = Debug|Any CPU
		{148F6184-2F57-4D61-A7CE-7B4B924FF5F3}.Debug|x64.ActiveCfg = Debug|Any CPU
		{148F6184-2F57-4D61-A7CE-7B4B924FF5F3}.Debug|x64.Build.0 = Debug|Any CPU
		{148F6184-2F57-4D61-A7CE-7B4B924FF5F3}.Debug|x86.ActiveCfg = Debug|Any CPU
		{148F6184-2F57-4D61-A7CE-7B4B924FF5F3}.Debug|x86.Build.0 = Debug|Any CPU
		{148F6184-2F57-4D61-A7CE-7B4B924FF5F3}.Release|Any CPU.ActiveCfg = Release|Any CPU
		{148F6184-2F57-4D61-A7CE-7B4B924FF5F3}.Release|Any CPU.Build.0 = Release|Any CPU
		{148F6184-2F57-4D61-A7CE-7B4B924FF5F3}.Release|ARM.ActiveCfg = Release|Any CPU
		{148F6184-2F57-4D61-A7CE-7B4B924FF5F3}.Release|ARM.Build.0 = Release|Any CPU
		{148F6184-2F57-4D61-A7CE-7B4B924FF5F3}.Release|ARM64.ActiveCfg = Release|Any CPU
		{148F6184-2F57-4D61-A7CE-7B4B924FF5F3}.Release|ARM64.Build.0 = Release|Any CPU
		{148F6184-2F57-4D61-A7CE-7B4B924FF5F3}.Release|x64.ActiveCfg = Release|Any CPU
		{148F6184-2F57-4D61-A7CE-7B4B924FF5F3}.Release|x64.Build.0 = Release|Any CPU
		{148F6184-2F57-4D61-A7CE-7B4B924FF5F3}.Release|x86.ActiveCfg = Release|Any CPU
		{148F6184-2F57-4D61-A7CE-7B4B924FF5F3}.Release|x86.Build.0 = Release|Any CPU
	EndGlobalSection
	GlobalSection(SolutionProperties) = preSolution
		HideSolutionNode = FALSE
	EndGlobalSection
	GlobalSection(ExtensibilityGlobals) = postSolution
		SolutionGuid = {35E38056-7A83-407A-B31B-C3E2C59AE06D}
	EndGlobalSection
EndGlobal
